<?xml version="1.0" encoding="utf-8"?>
<Project ToolsVersion="4.0" xmlns="http://schemas.microsoft.com/developer/msbuild/2003">
  <ItemGroup>
    <Filter Include="Source Files">
      <UniqueIdentifier>{4FC737F1-C7A5-4376-A066-2A32D752A2FF}</UniqueIdentifier>
      <Extensions>cpp;c;cc;cxx;def;odl;idl;hpj;bat;asm;asmx</Extensions>
    </Filter>
    <Filter Include="Header Files">
      <UniqueIdentifier>{93995380-89BD-4b04-88EB-625FBE52EBFB}</UniqueIdentifier>
      <Extensions>h;hpp;hxx;hm;inl;inc;xsd</Extensions>
    </Filter>
    <Filter Include="Resource Files">
      <UniqueIdentifier>{67DA6AB6-F800-4c08-8B7A-83BB121AAD01}</UniqueIdentifier>
      <Extensions>rc;ico;cur;bmp;dlg;rc2;rct;bin;rgs;gif;jpg;jpeg;jpe;resx;tiff;tif;png;wav</Extensions>
    </Filter>
  </ItemGroup>
  <ItemGroup>
    <ClCompile Include="src\GL_utilities.c">
      <Filter>Source Files</Filter>
    </ClCompile>
    <ClCompile Include="src\loadobj.c">
      <Filter>Source Files</Filter>
    </ClCompile>
    <ClCompile Include="src\LoadTGA.c">
      <Filter>Source Files</Filter>
    </ClCompile>
    <ClCompile Include="src\VectorUtils3.c">
      <Filter>Source Files</Filter>
    </ClCompile>
    <ClCompile Include="src\RandomWorldGenerator.c">
      <Filter>Source Files</Filter>
    </ClCompile>
    <ClCompile Include="src\FirstPersonCamera.c">
      <Filter>Source Files</Filter>
    </ClCompile>
    <ClCompile Include="src\HeightMapTerrain.c">
      <Filter>Source Files</Filter>
    </ClCompile>
    <ClCompile Include="src\DayNightCycle.c">
      <Filter>Source Files</Filter>
    </ClCompile>
    <ClCompile Include="src\Tilemap.c">
      <Filter>Source Files</Filter>
    </ClCompile>
    <ClCompile Include="src\WaterSource.c">
      <Filter>Source Files</Filter>
    </ClCompile>
    <ClCompile Include="src\FBOHelper.c">
      <Filter>Source Files</Filter>
    </ClCompile>
    <ClCompile Include="src\Color.c">
      <Filter>Source Files</Filter>
    </ClCompile>
  </ItemGroup>
  <ItemGroup>
    <ClInclude Include="src\GL_utilities.h">
      <Filter>Header Files</Filter>
    </ClInclude>
    <ClInclude Include="src\loadobj.h">
      <Filter>Header Files</Filter>
    </ClInclude>
    <ClInclude Include="src\LoadTGA.h">
      <Filter>Header Files</Filter>
    </ClInclude>
    <ClInclude Include="src\VectorUtils3.h">
      <Filter>Header Files</Filter>
    </ClInclude>
    <ClInclude Include="src\FirstPersonCamera.h">
      <Filter>Header Files</Filter>
    </ClInclude>
    <ClInclude Include="src\HeightMapTerrain.h">
      <Filter>Header Files</Filter>
    </ClInclude>
    <ClInclude Include="src\Resources.h">
      <Filter>Header Files</Filter>
    </ClInclude>
    <ClInclude Include="src\DayNightCycle.h">
      <Filter>Header Files</Filter>
    </ClInclude>
    <ClInclude Include="src\Tilemap.h">
      <Filter>Header Files</Filter>
    </ClInclude>
    <ClInclude Include="src\WaterSource.h">
      <Filter>Header Files</Filter>
    </ClInclude>
    <ClInclude Include="src\FBOHelper.h">
      <Filter>Header Files</Filter>
    </ClInclude>
    <ClInclude Include="src\Color.h">
      <Filter>Header Files</Filter>
    </ClInclude>
  </ItemGroup>
</Project>